// !$*UTF8*$!
{
	archiveVersion = 1;
	classes = {
	};
	objectVersion = 54;
	objects = {

/* Begin PBXBuildFile section */
		742AD81E28EB24A200AF0FC2 /* InterestedCountryViewModel.swift in Sources */ = {isa = PBXBuildFile; fileRef = 742AD81D28EB24A200AF0FC2 /* InterestedCountryViewModel.swift */; };
		742AD82028EB252900AF0FC2 /* InterestedCountryVIewController.swift in Sources */ = {isa = PBXBuildFile; fileRef = 742AD81F28EB252900AF0FC2 /* InterestedCountryVIewController.swift */; };
		742AD82228EB25AB00AF0FC2 /* InterestedCountryRepo.swift in Sources */ = {isa = PBXBuildFile; fileRef = 742AD82128EB25AB00AF0FC2 /* InterestedCountryRepo.swift */; };
		742AD82428EB25C100AF0FC2 /* InterestedCountryUseCase.swift in Sources */ = {isa = PBXBuildFile; fileRef = 742AD82328EB25C100AF0FC2 /* InterestedCountryUseCase.swift */; };
		742AD82628EB25D200AF0FC2 /* InterestedCountryRepoImple.swift in Sources */ = {isa = PBXBuildFile; fileRef = 742AD82528EB25D200AF0FC2 /* InterestedCountryRepoImple.swift */; };
		742AD82828EB260600AF0FC2 /* InterestedCountryView.swift in Sources */ = {isa = PBXBuildFile; fileRef = 742AD82728EB260600AF0FC2 /* InterestedCountryView.swift */; };
		742AD82F28EBA0C700AF0FC2 /* CountryCell.swift in Sources */ = {isa = PBXBuildFile; fileRef = 742AD82D28EBA0C700AF0FC2 /* CountryCell.swift */; };
		742AD83028EBA0C700AF0FC2 /* CountryCell.xib in Resources */ = {isa = PBXBuildFile; fileRef = 742AD82E28EBA0C700AF0FC2 /* CountryCell.xib */; };
		742AD83228EBAF3800AF0FC2 /* CompostionalFlowLayOut.swift in Sources */ = {isa = PBXBuildFile; fileRef = 742AD83128EBAF3800AF0FC2 /* CompostionalFlowLayOut.swift */; };
		742AD83528EBB45C00AF0FC2 /* CountryStr.swift in Sources */ = {isa = PBXBuildFile; fileRef = 742AD83428EBB45C00AF0FC2 /* CountryStr.swift */; };
		742AD83828EBC14300AF0FC2 /* City.swift in Sources */ = {isa = PBXBuildFile; fileRef = 742AD83728EBC14300AF0FC2 /* City.swift */; };
		7451D62A28E981AE00CB21C2 /* TTView.swift in Sources */ = {isa = PBXBuildFile; fileRef = 7451D62928E981AE00CB21C2 /* TTView.swift */; };
		7469F3DB28E8C4E500ABB804 /* TwitterLoginRepo.swift in Sources */ = {isa = PBXBuildFile; fileRef = 7469F3DA28E8C4E500ABB804 /* TwitterLoginRepo.swift */; };
		7469F3DF28E8C51F00ABB804 /* TwitterLoginUseCase.swift in Sources */ = {isa = PBXBuildFile; fileRef = 7469F3DE28E8C51F00ABB804 /* TwitterLoginUseCase.swift */; };
		7469F3E128E8C53A00ABB804 /* TwitterLoginRepoImplementaion.swift in Sources */ = {isa = PBXBuildFile; fileRef = 7469F3E028E8C53A00ABB804 /* TwitterLoginRepoImplementaion.swift */; };
		7469F3E328E8C58A00ABB804 /* TwitterLoginViewModel.swift in Sources */ = {isa = PBXBuildFile; fileRef = 7469F3E228E8C58A00ABB804 /* TwitterLoginViewModel.swift */; };
		7469F3E528E8C7B600ABB804 /* TwitterLoginViewController.swift in Sources */ = {isa = PBXBuildFile; fileRef = 7469F3E428E8C7B600ABB804 /* TwitterLoginViewController.swift */; };
		7469F3E728E8C8E900ABB804 /* TwitterLoginView.swift in Sources */ = {isa = PBXBuildFile; fileRef = 7469F3E628E8C8E900ABB804 /* TwitterLoginView.swift */; };
		7469F3E828E8CFE900ABB804 /* Pods_Task.framework in Frameworks */ = {isa = PBXBuildFile; fileRef = 2974586E93B5C35A386CBE90 /* Pods_Task.framework */; };
		74815A0828E9821800DAB0DF /* TTButton.swift in Sources */ = {isa = PBXBuildFile; fileRef = 74815A0728E9821800DAB0DF /* TTButton.swift */; };
		74815A0A28E9822200DAB0DF /* TTStackView.swift in Sources */ = {isa = PBXBuildFile; fileRef = 74815A0928E9822200DAB0DF /* TTStackView.swift */; };
		74815A0C28E9823100DAB0DF /* TTTextField.swift in Sources */ = {isa = PBXBuildFile; fileRef = 74815A0B28E9823100DAB0DF /* TTTextField.swift */; };
		74815A0E28E9823800DAB0DF /* TTImageVIew.swift in Sources */ = {isa = PBXBuildFile; fileRef = 74815A0D28E9823800DAB0DF /* TTImageVIew.swift */; };
		74A6CC6F28E9BBBB006F5DF7 /* TTLabel.swift in Sources */ = {isa = PBXBuildFile; fileRef = 74A6CC6E28E9BBBB006F5DF7 /* TTLabel.swift */; };
		74A6CC7228E9BF51006F5DF7 /* UIFont+Ext.swift in Sources */ = {isa = PBXBuildFile; fileRef = 74A6CC7128E9BF51006F5DF7 /* UIFont+Ext.swift */; };
		74A6CC7428E9C065006F5DF7 /* UIImage+Ext.swift in Sources */ = {isa = PBXBuildFile; fileRef = 74A6CC7328E9C065006F5DF7 /* UIImage+Ext.swift */; };
		74EEACC428E8C2D60001ED97 /* AppDelegate.swift in Sources */ = {isa = PBXBuildFile; fileRef = 74EEACC328E8C2D60001ED97 /* AppDelegate.swift */; };
		74EEACC628E8C2D60001ED97 /* SceneDelegate.swift in Sources */ = {isa = PBXBuildFile; fileRef = 74EEACC528E8C2D60001ED97 /* SceneDelegate.swift */; };
		74EEACCD28E8C2D80001ED97 /* Assets.xcassets in Resources */ = {isa = PBXBuildFile; fileRef = 74EEACCC28E8C2D80001ED97 /* Assets.xcassets */; };
		74EEACD028E8C2D80001ED97 /* LaunchScreen.storyboard in Resources */ = {isa = PBXBuildFile; fileRef = 74EEACCE28E8C2D80001ED97 /* LaunchScreen.storyboard */; };
/* End PBXBuildFile section */

/* Begin PBXFileReference section */
		2974586E93B5C35A386CBE90 /* Pods_Task.framework */ = {isa = PBXFileReference; explicitFileType = wrapper.framework; includeInIndex = 0; path = Pods_Task.framework; sourceTree = BUILT_PRODUCTS_DIR; };
		47F16A2DA6E0ADC4CC3DADBD /* Pods-Task.debug.xcconfig */ = {isa = PBXFileReference; includeInIndex = 1; lastKnownFileType = text.xcconfig; name = "Pods-Task.debug.xcconfig"; path = "Target Support Files/Pods-Task/Pods-Task.debug.xcconfig"; sourceTree = "<group>"; };
		742AD81D28EB24A200AF0FC2 /* InterestedCountryViewModel.swift */ = {isa = PBXFileReference; lastKnownFileType = sourcecode.swift; path = InterestedCountryViewModel.swift; sourceTree = "<group>"; };
		742AD81F28EB252900AF0FC2 /* InterestedCountryVIewController.swift */ = {isa = PBXFileReference; lastKnownFileType = sourcecode.swift; path = InterestedCountryVIewController.swift; sourceTree = "<group>"; };
		742AD82128EB25AB00AF0FC2 /* InterestedCountryRepo.swift */ = {isa = PBXFileReference; lastKnownFileType = sourcecode.swift; path = InterestedCountryRepo.swift; sourceTree = "<group>"; };
		742AD82328EB25C100AF0FC2 /* InterestedCountryUseCase.swift */ = {isa = PBXFileReference; lastKnownFileType = sourcecode.swift; path = InterestedCountryUseCase.swift; sourceTree = "<group>"; };
		742AD82528EB25D200AF0FC2 /* InterestedCountryRepoImple.swift */ = {isa = PBXFileReference; lastKnownFileType = sourcecode.swift; path = InterestedCountryRepoImple.swift; sourceTree = "<group>"; };
		742AD82728EB260600AF0FC2 /* InterestedCountryView.swift */ = {isa = PBXFileReference; lastKnownFileType = sourcecode.swift; path = InterestedCountryView.swift; sourceTree = "<group>"; };
		742AD82D28EBA0C700AF0FC2 /* CountryCell.swift */ = {isa = PBXFileReference; lastKnownFileType = sourcecode.swift; path = CountryCell.swift; sourceTree = "<group>"; };
		742AD82E28EBA0C700AF0FC2 /* CountryCell.xib */ = {isa = PBXFileReference; lastKnownFileType = file.xib; path = CountryCell.xib; sourceTree = "<group>"; };
		742AD83128EBAF3800AF0FC2 /* CompostionalFlowLayOut.swift */ = {isa = PBXFileReference; lastKnownFileType = sourcecode.swift; path = CompostionalFlowLayOut.swift; sourceTree = "<group>"; };
		742AD83428EBB45C00AF0FC2 /* CountryStr.swift */ = {isa = PBXFileReference; lastKnownFileType = sourcecode.swift; path = CountryStr.swift; sourceTree = "<group>"; };
		742AD83728EBC14300AF0FC2 /* City.swift */ = {isa = PBXFileReference; lastKnownFileType = sourcecode.swift; path = City.swift; sourceTree = "<group>"; };
		7451D62928E981AE00CB21C2 /* TTView.swift */ = {isa = PBXFileReference; lastKnownFileType = sourcecode.swift; path = TTView.swift; sourceTree = "<group>"; };
		7469F3DA28E8C4E500ABB804 /* TwitterLoginRepo.swift */ = {isa = PBXFileReference; lastKnownFileType = sourcecode.swift; path = TwitterLoginRepo.swift; sourceTree = "<group>"; };
		7469F3DE28E8C51F00ABB804 /* TwitterLoginUseCase.swift */ = {isa = PBXFileReference; lastKnownFileType = sourcecode.swift; path = TwitterLoginUseCase.swift; sourceTree = "<group>"; };
		7469F3E028E8C53A00ABB804 /* TwitterLoginRepoImplementaion.swift */ = {isa = PBXFileReference; lastKnownFileType = sourcecode.swift; path = TwitterLoginRepoImplementaion.swift; sourceTree = "<group>"; };
		7469F3E228E8C58A00ABB804 /* TwitterLoginViewModel.swift */ = {isa = PBXFileReference; lastKnownFileType = sourcecode.swift; path = TwitterLoginViewModel.swift; sourceTree = "<group>"; };
		7469F3E428E8C7B600ABB804 /* TwitterLoginViewController.swift */ = {isa = PBXFileReference; lastKnownFileType = sourcecode.swift; path = TwitterLoginViewController.swift; sourceTree = "<group>"; };
		7469F3E628E8C8E900ABB804 /* TwitterLoginView.swift */ = {isa = PBXFileReference; lastKnownFileType = sourcecode.swift; path = TwitterLoginView.swift; sourceTree = "<group>"; };
		74815A0728E9821800DAB0DF /* TTButton.swift */ = {isa = PBXFileReference; lastKnownFileType = sourcecode.swift; path = TTButton.swift; sourceTree = "<group>"; };
		74815A0928E9822200DAB0DF /* TTStackView.swift */ = {isa = PBXFileReference; lastKnownFileType = sourcecode.swift; path = TTStackView.swift; sourceTree = "<group>"; };
		74815A0B28E9823100DAB0DF /* TTTextField.swift */ = {isa = PBXFileReference; lastKnownFileType = sourcecode.swift; path = TTTextField.swift; sourceTree = "<group>"; };
		74815A0D28E9823800DAB0DF /* TTImageVIew.swift */ = {isa = PBXFileReference; lastKnownFileType = sourcecode.swift; path = TTImageVIew.swift; sourceTree = "<group>"; };
		74A6CC6E28E9BBBB006F5DF7 /* TTLabel.swift */ = {isa = PBXFileReference; lastKnownFileType = sourcecode.swift; path = TTLabel.swift; sourceTree = "<group>"; };
		74A6CC7128E9BF51006F5DF7 /* UIFont+Ext.swift */ = {isa = PBXFileReference; lastKnownFileType = sourcecode.swift; path = "UIFont+Ext.swift"; sourceTree = "<group>"; };
		74A6CC7328E9C065006F5DF7 /* UIImage+Ext.swift */ = {isa = PBXFileReference; lastKnownFileType = sourcecode.swift; path = "UIImage+Ext.swift"; sourceTree = "<group>"; };
		74EEACC028E8C2D60001ED97 /* Task.app */ = {isa = PBXFileReference; explicitFileType = wrapper.application; includeInIndex = 0; path = Task.app; sourceTree = BUILT_PRODUCTS_DIR; };
		74EEACC328E8C2D60001ED97 /* AppDelegate.swift */ = {isa = PBXFileReference; lastKnownFileType = sourcecode.swift; path = AppDelegate.swift; sourceTree = "<group>"; };
		74EEACC528E8C2D60001ED97 /* SceneDelegate.swift */ = {isa = PBXFileReference; lastKnownFileType = sourcecode.swift; path = SceneDelegate.swift; sourceTree = "<group>"; };
		74EEACCC28E8C2D80001ED97 /* Assets.xcassets */ = {isa = PBXFileReference; lastKnownFileType = folder.assetcatalog; path = Assets.xcassets; sourceTree = "<group>"; };
		74EEACCF28E8C2D80001ED97 /* Base */ = {isa = PBXFileReference; lastKnownFileType = file.storyboard; name = Base; path = Base.lproj/LaunchScreen.storyboard; sourceTree = "<group>"; };
		74EEACD128E8C2D80001ED97 /* Info.plist */ = {isa = PBXFileReference; lastKnownFileType = text.plist.xml; path = Info.plist; sourceTree = "<group>"; };
		D708F5772E8E7CF992420E27 /* Pods-Task.release.xcconfig */ = {isa = PBXFileReference; includeInIndex = 1; lastKnownFileType = text.xcconfig; name = "Pods-Task.release.xcconfig"; path = "Target Support Files/Pods-Task/Pods-Task.release.xcconfig"; sourceTree = "<group>"; };
/* End PBXFileReference section */

/* Begin PBXFrameworksBuildPhase section */
		74EEACBD28E8C2D60001ED97 /* Frameworks */ = {
			isa = PBXFrameworksBuildPhase;
			buildActionMask = 2147483647;
			files = (
				7469F3E828E8CFE900ABB804 /* Pods_Task.framework in Frameworks */,
			);
			runOnlyForDeploymentPostprocessing = 0;
		};
/* End PBXFrameworksBuildPhase section */

/* Begin PBXGroup section */
		742AD81228EB23EE00AF0FC2 /* Data */ = {
			isa = PBXGroup;
			children = (
				742AD81A28EB245E00AF0FC2 /* UseCase */,
				742AD81928EB245100AF0FC2 /* Repo */,
			);
			path = Data;
			sourceTree = "<group>";
		};
		742AD81328EB23FA00AF0FC2 /* Domain */ = {
			isa = PBXGroup;
			children = (
				742AD81828EB244B00AF0FC2 /* Repo */,
			);
			path = Domain;
			sourceTree = "<group>";
		};
		742AD81428EB23FF00AF0FC2 /* Presentation */ = {
			isa = PBXGroup;
			children = (
				742AD83628EBC12A00AF0FC2 /* Model */,
				742AD81628EB243B00AF0FC2 /* ViewModel */,
				742AD81528EB243400AF0FC2 /* View */,
			);
			path = Presentation;
			sourceTree = "<group>";
		};
		742AD81528EB243400AF0FC2 /* View */ = {
			isa = PBXGroup;
			children = (
				742AD82A28EB265100AF0FC2 /* Controller */,
				742AD82928EB264C00AF0FC2 /* Cell */,
			);
			path = View;
			sourceTree = "<group>";
		};
		742AD81628EB243B00AF0FC2 /* ViewModel */ = {
			isa = PBXGroup;
			children = (
				742AD81D28EB24A200AF0FC2 /* InterestedCountryViewModel.swift */,
			);
			path = ViewModel;
			sourceTree = "<group>";
		};
		742AD81828EB244B00AF0FC2 /* Repo */ = {
			isa = PBXGroup;
			children = (
				742AD82128EB25AB00AF0FC2 /* InterestedCountryRepo.swift */,
			);
			path = Repo;
			sourceTree = "<group>";
		};
		742AD81928EB245100AF0FC2 /* Repo */ = {
			isa = PBXGroup;
			children = (
				742AD82528EB25D200AF0FC2 /* InterestedCountryRepoImple.swift */,
			);
			path = Repo;
			sourceTree = "<group>";
		};
		742AD81A28EB245E00AF0FC2 /* UseCase */ = {
			isa = PBXGroup;
			children = (
				742AD82328EB25C100AF0FC2 /* InterestedCountryUseCase.swift */,
			);
			path = UseCase;
			sourceTree = "<group>";
		};
		742AD82928EB264C00AF0FC2 /* Cell */ = {
			isa = PBXGroup;
			children = (
				742AD82D28EBA0C700AF0FC2 /* CountryCell.swift */,
				742AD82E28EBA0C700AF0FC2 /* CountryCell.xib */,
			);
			path = Cell;
			sourceTree = "<group>";
		};
		742AD82A28EB265100AF0FC2 /* Controller */ = {
			isa = PBXGroup;
			children = (
				742AD81F28EB252900AF0FC2 /* InterestedCountryVIewController.swift */,
				742AD82728EB260600AF0FC2 /* InterestedCountryView.swift */,
			);
			path = Controller;
			sourceTree = "<group>";
		};
		742AD83328EBB44D00AF0FC2 /* Utilis */ = {
			isa = PBXGroup;
			children = (
				742AD83428EBB45C00AF0FC2 /* CountryStr.swift */,
			);
			path = Utilis;
			sourceTree = "<group>";
		};
		742AD83628EBC12A00AF0FC2 /* Model */ = {
			isa = PBXGroup;
			children = (
				742AD83728EBC14300AF0FC2 /* City.swift */,
			);
			path = Model;
			sourceTree = "<group>";
		};
		7434039B28EAFCF300236FE2 /* InterestedCountry */ = {
			isa = PBXGroup;
			children = (
				742AD81428EB23FF00AF0FC2 /* Presentation */,
				742AD81328EB23FA00AF0FC2 /* Domain */,
				742AD81228EB23EE00AF0FC2 /* Data */,
			);
			path = InterestedCountry;
			sourceTree = "<group>";
		};
		7451D62328E9815000CB21C2 /* CustomViews */ = {
			isa = PBXGroup;
			children = (
				74A6CC6D28E9BBAB006F5DF7 /* UILabel */,
				7451D62828E9818400CB21C2 /* UIImageView */,
				7451D62728E9817600CB21C2 /* UITextField */,
				7451D62628E9816C00CB21C2 /* UIStackView */,
				7451D62528E9816500CB21C2 /* UIButton */,
				7451D62428E9815D00CB21C2 /* UIView */,
			);
			path = CustomViews;
			sourceTree = "<group>";
		};
		7451D62428E9815D00CB21C2 /* UIView */ = {
			isa = PBXGroup;
			children = (
				7451D62928E981AE00CB21C2 /* TTView.swift */,
			);
			path = UIView;
			sourceTree = "<group>";
		};
		7451D62528E9816500CB21C2 /* UIButton */ = {
			isa = PBXGroup;
			children = (
				74815A0728E9821800DAB0DF /* TTButton.swift */,
			);
			path = UIButton;
			sourceTree = "<group>";
		};
		7451D62628E9816C00CB21C2 /* UIStackView */ = {
			isa = PBXGroup;
			children = (
				74815A0928E9822200DAB0DF /* TTStackView.swift */,
			);
			path = UIStackView;
			sourceTree = "<group>";
		};
		7451D62728E9817600CB21C2 /* UITextField */ = {
			isa = PBXGroup;
			children = (
				74815A0B28E9823100DAB0DF /* TTTextField.swift */,
			);
			path = UITextField;
			sourceTree = "<group>";
		};
		7451D62828E9818400CB21C2 /* UIImageView */ = {
			isa = PBXGroup;
			children = (
				74815A0D28E9823800DAB0DF /* TTImageVIew.swift */,
			);
			path = UIImageView;
			sourceTree = "<group>";
		};
		7469F3CF28E8C41E00ABB804 /* Application */ = {
			isa = PBXGroup;
			children = (
				74EEACC328E8C2D60001ED97 /* AppDelegate.swift */,
				74EEACC528E8C2D60001ED97 /* SceneDelegate.swift */,
			);
			path = Application;
			sourceTree = "<group>";
		};
		7469F3D028E8C42500ABB804 /* Support */ = {
			isa = PBXGroup;
			children = (
				74EEACCC28E8C2D80001ED97 /* Assets.xcassets */,
				74EEACCE28E8C2D80001ED97 /* LaunchScreen.storyboard */,
			);
			path = Support;
			sourceTree = "<group>";
		};
		7469F3D128E8C43400ABB804 /* Modules */ = {
			isa = PBXGroup;
			children = (
				7434039B28EAFCF300236FE2 /* InterestedCountry */,
				7469F3D228E8C48C00ABB804 /* TwitterLogin */,
			);
			path = Modules;
			sourceTree = "<group>";
		};
		7469F3D228E8C48C00ABB804 /* TwitterLogin */ = {
			isa = PBXGroup;
			children = (
				7469F3D528E8C4AC00ABB804 /* Presentation */,
				7469F3D428E8C4A700ABB804 /* Domain */,
				7469F3D328E8C4A200ABB804 /* Data */,
			);
			path = TwitterLogin;
			sourceTree = "<group>";
		};
		7469F3D328E8C4A200ABB804 /* Data */ = {
			isa = PBXGroup;
			children = (
				7469F3DD28E8C4F800ABB804 /* UseCase */,
				7469F3DC28E8C4F000ABB804 /* Repo */,
			);
			path = Data;
			sourceTree = "<group>";
		};
		7469F3D428E8C4A700ABB804 /* Domain */ = {
			isa = PBXGroup;
			children = (
				7469F3D928E8C4D300ABB804 /* Repo */,
			);
			path = Domain;
			sourceTree = "<group>";
		};
		7469F3D528E8C4AC00ABB804 /* Presentation */ = {
			isa = PBXGroup;
			children = (
				7469F3D828E8C4C500ABB804 /* View */,
				7469F3D728E8C4BF00ABB804 /* ViewModel */,
			);
			path = Presentation;
			sourceTree = "<group>";
		};
		7469F3D728E8C4BF00ABB804 /* ViewModel */ = {
			isa = PBXGroup;
			children = (
				7469F3E228E8C58A00ABB804 /* TwitterLoginViewModel.swift */,
			);
			path = ViewModel;
			sourceTree = "<group>";
		};
		7469F3D828E8C4C500ABB804 /* View */ = {
			isa = PBXGroup;
			children = (
				7469F3E428E8C7B600ABB804 /* TwitterLoginViewController.swift */,
				7469F3E628E8C8E900ABB804 /* TwitterLoginView.swift */,
			);
			path = View;
			sourceTree = "<group>";
		};
		7469F3D928E8C4D300ABB804 /* Repo */ = {
			isa = PBXGroup;
			children = (
				7469F3DA28E8C4E500ABB804 /* TwitterLoginRepo.swift */,
			);
			path = Repo;
			sourceTree = "<group>";
		};
		7469F3DC28E8C4F000ABB804 /* Repo */ = {
			isa = PBXGroup;
			children = (
				7469F3E028E8C53A00ABB804 /* TwitterLoginRepoImplementaion.swift */,
			);
			path = Repo;
			sourceTree = "<group>";
		};
		7469F3DD28E8C4F800ABB804 /* UseCase */ = {
			isa = PBXGroup;
			children = (
				7469F3DE28E8C51F00ABB804 /* TwitterLoginUseCase.swift */,
			);
			path = UseCase;
			sourceTree = "<group>";
		};
		74A6CC6D28E9BBAB006F5DF7 /* UILabel */ = {
			isa = PBXGroup;
			children = (
				74A6CC6E28E9BBBB006F5DF7 /* TTLabel.swift */,
			);
			path = UILabel;
			sourceTree = "<group>";
		};
		74A6CC7028E9BF41006F5DF7 /* Extension */ = {
			isa = PBXGroup;
			children = (
				74A6CC7128E9BF51006F5DF7 /* UIFont+Ext.swift */,
				74A6CC7328E9C065006F5DF7 /* UIImage+Ext.swift */,
				742AD83128EBAF3800AF0FC2 /* CompostionalFlowLayOut.swift */,
			);
			path = Extension;
			sourceTree = "<group>";
		};
		74EEACB728E8C2D60001ED97 = {
			isa = PBXGroup;
			children = (
				74EEACC228E8C2D60001ED97 /* Task */,
				74EEACC128E8C2D60001ED97 /* Products */,
				B42E6EF0DE437CD3F26CFABA /* Pods */,
				C70787B2CA887B3A7F2C663B /* Frameworks */,
			);
			sourceTree = "<group>";
		};
		74EEACC128E8C2D60001ED97 /* Products */ = {
			isa = PBXGroup;
			children = (
				74EEACC028E8C2D60001ED97 /* Task.app */,
			);
			name = Products;
			sourceTree = "<group>";
		};
		74EEACC228E8C2D60001ED97 /* Task */ = {
			isa = PBXGroup;
			children = (
				742AD83328EBB44D00AF0FC2 /* Utilis */,
				74A6CC7028E9BF41006F5DF7 /* Extension */,
				7451D62328E9815000CB21C2 /* CustomViews */,
				7469F3D128E8C43400ABB804 /* Modules */,
				7469F3D028E8C42500ABB804 /* Support */,
				7469F3CF28E8C41E00ABB804 /* Application */,
				74EEACD128E8C2D80001ED97 /* Info.plist */,
			);
			path = Task;
			sourceTree = "<group>";
		};
		B42E6EF0DE437CD3F26CFABA /* Pods */ = {
			isa = PBXGroup;
			children = (
				47F16A2DA6E0ADC4CC3DADBD /* Pods-Task.debug.xcconfig */,
				D708F5772E8E7CF992420E27 /* Pods-Task.release.xcconfig */,
			);
			path = Pods;
			sourceTree = "<group>";
		};
		C70787B2CA887B3A7F2C663B /* Frameworks */ = {
			isa = PBXGroup;
			children = (
				2974586E93B5C35A386CBE90 /* Pods_Task.framework */,
			);
			name = Frameworks;
			sourceTree = "<group>";
		};
/* End PBXGroup section */

/* Begin PBXNativeTarget section */
		74EEACBF28E8C2D60001ED97 /* Task */ = {
			isa = PBXNativeTarget;
			buildConfigurationList = 74EEACD428E8C2D80001ED97 /* Build configuration list for PBXNativeTarget "Task" */;
			buildPhases = (
				4C446E086CADD86EF0605124 /* [CP] Check Pods Manifest.lock */,
				74EEACBC28E8C2D60001ED97 /* Sources */,
				74EEACBD28E8C2D60001ED97 /* Frameworks */,
				74EEACBE28E8C2D60001ED97 /* Resources */,
				7B91F09F97B2895B3AE3F41B /* [CP] Embed Pods Frameworks */,
			);
			buildRules = (
			);
			dependencies = (
			);
			name = Task;
			productName = Task;
			productReference = 74EEACC028E8C2D60001ED97 /* Task.app */;
			productType = "com.apple.product-type.application";
		};
/* End PBXNativeTarget section */

/* Begin PBXProject section */
		74EEACB828E8C2D60001ED97 /* Project object */ = {
			isa = PBXProject;
			attributes = {
				BuildIndependentTargetsInParallel = 1;
				LastSwiftUpdateCheck = 1400;
				LastUpgradeCheck = 1400;
				TargetAttributes = {
					74EEACBF28E8C2D60001ED97 = {
						CreatedOnToolsVersion = 14.0.1;
					};
				};
			};
			buildConfigurationList = 74EEACBB28E8C2D60001ED97 /* Build configuration list for PBXProject "Task" */;
			compatibilityVersion = "Xcode 12.0";
			developmentRegion = en;
			hasScannedForEncodings = 0;
			knownRegions = (
				en,
				Base,
			);
			mainGroup = 74EEACB728E8C2D60001ED97;
			productRefGroup = 74EEACC128E8C2D60001ED97 /* Products */;
			projectDirPath = "";
			projectRoot = "";
			targets = (
				74EEACBF28E8C2D60001ED97 /* Task */,
			);
		};
/* End PBXProject section */

/* Begin PBXResourcesBuildPhase section */
		74EEACBE28E8C2D60001ED97 /* Resources */ = {
			isa = PBXResourcesBuildPhase;
			buildActionMask = 2147483647;
			files = (
				742AD83028EBA0C700AF0FC2 /* CountryCell.xib in Resources */,
				74EEACD028E8C2D80001ED97 /* LaunchScreen.storyboard in Resources */,
				74EEACCD28E8C2D80001ED97 /* Assets.xcassets in Resources */,
			);
			runOnlyForDeploymentPostprocessing = 0;
		};
/* End PBXResourcesBuildPhase section */

/* Begin PBXShellScriptBuildPhase section */
		4C446E086CADD86EF0605124 /* [CP] Check Pods Manifest.lock */ = {
			isa = PBXShellScriptBuildPhase;
			buildActionMask = 2147483647;
			files = (
			);
			inputFileListPaths = (
			);
			inputPaths = (
				"${PODS_PODFILE_DIR_PATH}/Podfile.lock",
				"${PODS_ROOT}/Manifest.lock",
			);
			name = "[CP] Check Pods Manifest.lock";
			outputFileListPaths = (
			);
			outputPaths = (
				"$(DERIVED_FILE_DIR)/Pods-Task-checkManifestLockResult.txt",
			);
			runOnlyForDeploymentPostprocessing = 0;
			shellPath = /bin/sh;
			shellScript = "diff \"${PODS_PODFILE_DIR_PATH}/Podfile.lock\" \"${PODS_ROOT}/Manifest.lock\" > /dev/null\nif [ $? != 0 ] ; then\n    # print error to STDERR\n    echo \"error: The sandbox is not in sync with the Podfile.lock. Run 'pod install' or update your CocoaPods installation.\" >&2\n    exit 1\nfi\n# This output is used by Xcode 'outputs' to avoid re-running this script phase.\necho \"SUCCESS\" > \"${SCRIPT_OUTPUT_FILE_0}\"\n";
			showEnvVarsInLog = 0;
		};
		7B91F09F97B2895B3AE3F41B /* [CP] Embed Pods Frameworks */ = {
			isa = PBXShellScriptBuildPhase;
			buildActionMask = 2147483647;
			files = (
			);
			inputFileListPaths = (
				"${PODS_ROOT}/Target Support Files/Pods-Task/Pods-Task-frameworks-${CONFIGURATION}-input-files.xcfilelist",
			);
			name = "[CP] Embed Pods Frameworks";
			outputFileListPaths = (
				"${PODS_ROOT}/Target Support Files/Pods-Task/Pods-Task-frameworks-${CONFIGURATION}-output-files.xcfilelist",
			);
			runOnlyForDeploymentPostprocessing = 0;
			shellPath = /bin/sh;
			shellScript = "\"${PODS_ROOT}/Target Support Files/Pods-Task/Pods-Task-frameworks.sh\"\n";
			showEnvVarsInLog = 0;
		};
/* End PBXShellScriptBuildPhase section */

/* Begin PBXSourcesBuildPhase section */
		74EEACBC28E8C2D60001ED97 /* Sources */ = {
			isa = PBXSourcesBuildPhase;
			buildActionMask = 2147483647;
			files = (
				7469F3E728E8C8E900ABB804 /* TwitterLoginView.swift in Sources */,
				742AD82228EB25AB00AF0FC2 /* InterestedCountryRepo.swift in Sources */,
				74815A0828E9821800DAB0DF /* TTButton.swift in Sources */,
				74EEACC428E8C2D60001ED97 /* AppDelegate.swift in Sources */,
				742AD82828EB260600AF0FC2 /* InterestedCountryView.swift in Sources */,
				742AD82F28EBA0C700AF0FC2 /* CountryCell.swift in Sources */,
				7469F3DF28E8C51F00ABB804 /* TwitterLoginUseCase.swift in Sources */,
				7469F3E328E8C58A00ABB804 /* TwitterLoginViewModel.swift in Sources */,
				742AD82428EB25C100AF0FC2 /* InterestedCountryUseCase.swift in Sources */,
				74815A0C28E9823100DAB0DF /* TTTextField.swift in Sources */,
				7469F3E528E8C7B600ABB804 /* TwitterLoginViewController.swift in Sources */,
				7469F3E128E8C53A00ABB804 /* TwitterLoginRepoImplementaion.swift in Sources */,
				74EEACC628E8C2D60001ED97 /* SceneDelegate.swift in Sources */,
				742AD83228EBAF3800AF0FC2 /* CompostionalFlowLayOut.swift in Sources */,
				742AD83528EBB45C00AF0FC2 /* CountryStr.swift in Sources */,
				74A6CC7428E9C065006F5DF7 /* UIImage+Ext.swift in Sources */,
				742AD82628EB25D200AF0FC2 /* InterestedCountryRepoImple.swift in Sources */,
				742AD81E28EB24A200AF0FC2 /* InterestedCountryViewModel.swift in Sources */,
				74A6CC7228E9BF51006F5DF7 /* UIFont+Ext.swift in Sources */,
				7451D62A28E981AE00CB21C2 /* TTView.swift in Sources */,
				74815A0E28E9823800DAB0DF /* TTImageVIew.swift in Sources */,
				7469F3DB28E8C4E500ABB804 /* TwitterLoginRepo.swift in Sources */,
				74A6CC6F28E9BBBB006F5DF7 /* TTLabel.swift in Sources */,
				74815A0A28E9822200DAB0DF /* TTStackView.swift in Sources */,
				742AD83828EBC14300AF0FC2 /* City.swift in Sources */,
				742AD82028EB252900AF0FC2 /* InterestedCountryVIewController.swift in Sources */,
			);
			runOnlyForDeploymentPostprocessing = 0;
		};
/* End PBXSourcesBuildPhase section */

/* Begin PBXVariantGroup section */
		74EEACCE28E8C2D80001ED97 /* LaunchScreen.storyboard */ = {
			isa = PBXVariantGroup;
			children = (
				74EEACCF28E8C2D80001ED97 /* Base */,
			);
			name = LaunchScreen.storyboard;
			sourceTree = "<group>";
		};
/* End PBXVariantGroup section */

/* Begin XCBuildConfiguration section */
		74EEACD228E8C2D80001ED97 /* Debug */ = {
			isa = XCBuildConfiguration;
			buildSettings = {
				ALWAYS_SEARCH_USER_PATHS = NO;
				CLANG_ANALYZER_NONNULL = YES;
				CLANG_ANALYZER_NUMBER_OBJECT_CONVERSION = YES_AGGRESSIVE;
				CLANG_CXX_LANGUAGE_STANDARD = "gnu++20";
				CLANG_ENABLE_MODULES = YES;
				CLANG_ENABLE_OBJC_ARC = YES;
				CLANG_ENABLE_OBJC_WEAK = YES;
				CLANG_WARN_BLOCK_CAPTURE_AUTORELEASING = YES;
				CLANG_WARN_BOOL_CONVERSION = YES;
				CLANG_WARN_COMMA = YES;
				CLANG_WARN_CONSTANT_CONVERSION = YES;
				CLANG_WARN_DEPRECATED_OBJC_IMPLEMENTATIONS = YES;
				CLANG_WARN_DIRECT_OBJC_ISA_USAGE = YES_ERROR;
				CLANG_WARN_DOCUMENTATION_COMMENTS = YES;
				CLANG_WARN_EMPTY_BODY = YES;
				CLANG_WARN_ENUM_CONVERSION = YES;
				CLANG_WARN_INFINITE_RECURSION = YES;
				CLANG_WARN_INT_CONVERSION = YES;
				CLANG_WARN_NON_LITERAL_NULL_CONVERSION = YES;
				CLANG_WARN_OBJC_IMPLICIT_RETAIN_SELF = YES;
				CLANG_WARN_OBJC_LITERAL_CONVERSION = YES;
				CLANG_WARN_OBJC_ROOT_CLASS = YES_ERROR;
				CLANG_WARN_QUOTED_INCLUDE_IN_FRAMEWORK_HEADER = YES;
				CLANG_WARN_RANGE_LOOP_ANALYSIS = YES;
				CLANG_WARN_STRICT_PROTOTYPES = YES;
				CLANG_WARN_SUSPICIOUS_MOVE = YES;
				CLANG_WARN_UNGUARDED_AVAILABILITY = YES_AGGRESSIVE;
				CLANG_WARN_UNREACHABLE_CODE = YES;
				CLANG_WARN__DUPLICATE_METHOD_MATCH = YES;
				COPY_PHASE_STRIP = NO;
				DEBUG_INFORMATION_FORMAT = dwarf;
				ENABLE_STRICT_OBJC_MSGSEND = YES;
				ENABLE_TESTABILITY = YES;
				GCC_C_LANGUAGE_STANDARD = gnu11;
				GCC_DYNAMIC_NO_PIC = NO;
				GCC_NO_COMMON_BLOCKS = YES;
				GCC_OPTIMIZATION_LEVEL = 0;
				GCC_PREPROCESSOR_DEFINITIONS = (
					"DEBUG=1",
					"$(inherited)",
				);
				GCC_WARN_64_TO_32_BIT_CONVERSION = YES;
				GCC_WARN_ABOUT_RETURN_TYPE = YES_ERROR;
				GCC_WARN_UNDECLARED_SELECTOR = YES;
				GCC_WARN_UNINITIALIZED_AUTOS = YES_AGGRESSIVE;
				GCC_WARN_UNUSED_FUNCTION = YES;
				GCC_WARN_UNUSED_VARIABLE = YES;
				IPHONEOS_DEPLOYMENT_TARGET = 16.0;
				MTL_ENABLE_DEBUG_INFO = INCLUDE_SOURCE;
				MTL_FAST_MATH = YES;
				ONLY_ACTIVE_ARCH = YES;
				SDKROOT = iphoneos;
				SWIFT_ACTIVE_COMPILATION_CONDITIONS = DEBUG;
				SWIFT_OPTIMIZATION_LEVEL = "-Onone";
			};
			name = Debug;
		};
		74EEACD328E8C2D80001ED97 /* Release */ = {
			isa = XCBuildConfiguration;
			buildSettings = {
				ALWAYS_SEARCH_USER_PATHS = NO;
				CLANG_ANALYZER_NONNULL = YES;
				CLANG_ANALYZER_NUMBER_OBJECT_CONVERSION = YES_AGGRESSIVE;
				CLANG_CXX_LANGUAGE_STANDARD = "gnu++20";
				CLANG_ENABLE_MODULES = YES;
				CLANG_ENABLE_OBJC_ARC = YES;
				CLANG_ENABLE_OBJC_WEAK = YES;
				CLANG_WARN_BLOCK_CAPTURE_AUTORELEASING = YES;
				CLANG_WARN_BOOL_CONVERSION = YES;
				CLANG_WARN_COMMA = YES;
				CLANG_WARN_CONSTANT_CONVERSION = YES;
				CLANG_WARN_DEPRECATED_OBJC_IMPLEMENTATIONS = YES;
				CLANG_WARN_DIRECT_OBJC_ISA_USAGE = YES_ERROR;
				CLANG_WARN_DOCUMENTATION_COMMENTS = YES;
				CLANG_WARN_EMPTY_BODY = YES;
				CLANG_WARN_ENUM_CONVERSION = YES;
				CLANG_WARN_INFINITE_RECURSION = YES;
				CLANG_WARN_INT_CONVERSION = YES;
				CLANG_WARN_NON_LITERAL_NULL_CONVERSION = YES;
				CLANG_WARN_OBJC_IMPLICIT_RETAIN_SELF = YES;
				CLANG_WARN_OBJC_LITERAL_CONVERSION = YES;
				CLANG_WARN_OBJC_ROOT_CLASS = YES_ERROR;
				CLANG_WARN_QUOTED_INCLUDE_IN_FRAMEWORK_HEADER = YES;
				CLANG_WARN_RANGE_LOOP_ANALYSIS = YES;
				CLANG_WARN_STRICT_PROTOTYPES = YES;
				CLANG_WARN_SUSPICIOUS_MOVE = YES;
				CLANG_WARN_UNGUARDED_AVAILABILITY = YES_AGGRESSIVE;
				CLANG_WARN_UNREACHABLE_CODE = YES;
				CLANG_WARN__DUPLICATE_METHOD_MATCH = YES;
				COPY_PHASE_STRIP = NO;
				DEBUG_INFORMATION_FORMAT = "dwarf-with-dsym";
				ENABLE_NS_ASSERTIONS = NO;
				ENABLE_STRICT_OBJC_MSGSEND = YES;
				GCC_C_LANGUAGE_STANDARD = gnu11;
				GCC_NO_COMMON_BLOCKS = YES;
				GCC_WARN_64_TO_32_BIT_CONVERSION = YES;
				GCC_WARN_ABOUT_RETURN_TYPE = YES_ERROR;
				GCC_WARN_UNDECLARED_SELECTOR = YES;
				GCC_WARN_UNINITIALIZED_AUTOS = YES_AGGRESSIVE;
				GCC_WARN_UNUSED_FUNCTION = YES;
				GCC_WARN_UNUSED_VARIABLE = YES;
				IPHONEOS_DEPLOYMENT_TARGET = 16.0;
				MTL_ENABLE_DEBUG_INFO = NO;
				MTL_FAST_MATH = YES;
				SDKROOT = iphoneos;
				SWIFT_COMPILATION_MODE = wholemodule;
				SWIFT_OPTIMIZATION_LEVEL = "-O";
				VALIDATE_PRODUCT = YES;
			};
			name = Release;
		};
		74EEACD528E8C2D80001ED97 /* Debug */ = {
			isa = XCBuildConfiguration;
			baseConfigurationReference = 47F16A2DA6E0ADC4CC3DADBD /* Pods-Task.debug.xcconfig */;
			buildSettings = {
				ASSETCATALOG_COMPILER_APPICON_NAME = AppIcon;
				ASSETCATALOG_COMPILER_GLOBAL_ACCENT_COLOR_NAME = AccentColor;
				CODE_SIGN_STYLE = Automatic;
				CURRENT_PROJECT_VERSION = 1;
				DEVELOPMENT_TEAM = V4XXQXQMM4;
				GENERATE_INFOPLIST_FILE = YES;
				INFOPLIST_FILE = Task/Info.plist;
				INFOPLIST_KEY_UIApplicationSupportsIndirectInputEvents = YES;
				INFOPLIST_KEY_UILaunchStoryboardName = LaunchScreen;
				INFOPLIST_KEY_UISupportedInterfaceOrientations_iPad = "UIInterfaceOrientationPortrait UIInterfaceOrientationPortraitUpsideDown UIInterfaceOrientationLandscapeLeft UIInterfaceOrientationLandscapeRight";
				INFOPLIST_KEY_UISupportedInterfaceOrientations_iPhone = "UIInterfaceOrientationPortrait UIInterfaceOrientationLandscapeLeft UIInterfaceOrientationLandscapeRight";
				IPHONEOS_DEPLOYMENT_TARGET = 14.0;
				LD_RUNPATH_SEARCH_PATHS = (
					"$(inherited)",
					"@executable_path/Frameworks",
				);
				MARKETING_VERSION = 1.0;
				PRODUCT_BUNDLE_IDENTIFIER = com.afate7090.Task;
				PRODUCT_NAME = "$(TARGET_NAME)";
				SUPPORTED_PLATFORMS = "iphoneos iphonesimulator";
				SUPPORTS_MACCATALYST = NO;
				SUPPORTS_MAC_DESIGNED_FOR_IPHONE_IPAD = NO;
				SWIFT_EMIT_LOC_STRINGS = YES;
				SWIFT_VERSION = 5.0;
				TARGETED_DEVICE_FAMILY = "1,2";
			};
			name = Debug;
		};
		74EEACD628E8C2D80001ED97 /* Release */ = {
			isa = XCBuildConfiguration;
			baseConfigurationReference = D708F5772E8E7CF992420E27 /* Pods-Task.release.xcconfig */;
			buildSettings = {
				ASSETCATALOG_COMPILER_APPICON_NAME = AppIcon;
				ASSETCATALOG_COMPILER_GLOBAL_ACCENT_COLOR_NAME = AccentColor;
				CODE_SIGN_STYLE = Automatic;
				CURRENT_PROJECT_VERSION = 1;
				DEVELOPMENT_TEAM = V4XXQXQMM4;
				GENERATE_INFOPLIST_FILE = YES;
				INFOPLIST_FILE = Task/Info.plist;
				INFOPLIST_KEY_UIApplicationSupportsIndirectInputEvents = YES;
				INFOPLIST_KEY_UILaunchStoryboardName = LaunchScreen;
				INFOPLIST_KEY_UISupportedInterfaceOrientations_iPad = "UIInterfaceOrientationPortrait UIInterfaceOrientationPortraitUpsideDown UIInterfaceOrientationLandscapeLeft UIInterfaceOrientationLandscapeRight";
				INFOPLIST_KEY_UISupportedInterfaceOrientations_iPhone = "UIInterfaceOrientationPortrait UIInterfaceOrientationLandscapeLeft UIInterfaceOrientationLandscapeRight";
				IPHONEOS_DEPLOYMENT_TARGET = 14.0;
				LD_RUNPATH_SEARCH_PATHS = (
					"$(inherited)",
					"@executable_path/Frameworks",
				);
				MARKETING_VERSION = 1.0;
				PRODUCT_BUNDLE_IDENTIFIER = com.afate7090.Task;
				PRODUCT_NAME = "$(TARGET_NAME)";
				SUPPORTED_PLATFORMS = "iphoneos iphonesimulator";
				SUPPORTS_MACCATALYST = NO;
				SUPPORTS_MAC_DESIGNED_FOR_IPHONE_IPAD = NO;
				SWIFT_EMIT_LOC_STRINGS = YES;
				SWIFT_VERSION = 5.0;
				TARGETED_DEVICE_FAMILY = "1,2";
			};
			name = Release;
		};
/* End XCBuildConfiguration section */

/* Begin XCConfigurationList section */
		74EEACBB28E8C2D60001ED97 /* Build configuration list for PBXProject "Task" */ = {
			isa = XCConfigurationList;
			buildConfigurations = (
				74EEACD228E8C2D80001ED97 /* Debug */,
				74EEACD328E8C2D80001ED97 /* Release */,
			);
			defaultConfigurationIsVisible = 0;
			defaultConfigurationName = Release;
		};
		74EEACD428E8C2D80001ED97 /* Build configuration list for PBXNativeTarget "Task" */ = {
			isa = XCConfigurationList;
			buildConfigurations = (
				74EEACD528E8C2D80001ED97 /* Debug */,
				74EEACD628E8C2D80001ED97 /* Release */,
			);
			defaultConfigurationIsVisible = 0;
			defaultConfigurationName = Release;
		};
/* End XCConfigurationList section */
	};
	rootObject = 74EEACB828E8C2D60001ED97 /* Project object */;
}
